
Microsoft Visual Studio Solution File, Format Version 12.00
# Visual Studio Version 16
VisualStudioVersion = 16.0.29521.150
MinimumVisualStudioVersion = 10.0.40219.1
Project("{9A19103F-16F7-4668-BE54-9A1E7A4F7556}") = "Common", "Common\Common.csproj", "{CA55DD9C-0D15-4B42-927E-981F89FA6521}"
EndProject
Project("{9A19103F-16F7-4668-BE54-9A1E7A4F7556}") = "Activities", "Activities\Activities.csproj", "{5ADCE796-5859-42D4-B150-7DB4858B9DCD}"
EndProject
Project("{9A19103F-16F7-4668-BE54-9A1E7A4F7556}") = "Api", "Api\Api.csproj", "{EA948059-D6BB-48A4-9B0B-AC6F46BAFE17}"
EndProject
Project("{FAE04EC0-301F-11D3-BF4B-00C04F79EFBC}") = "Identity", "Identity\Identity.csproj", "{6222B38D-7EAD-4101-AEBD-CDFCD6182049}"
EndProject
Global
	GlobalSection(SolutionConfigurationPlatforms) = preSolution
		Debug|Any CPU = Debug|Any CPU
		Release|Any CPU = Release|Any CPU
	EndGlobalSection
	GlobalSection(ProjectConfigurationPlatforms) = postSolution
		{CA55DD9C-0D15-4B42-927E-981F89FA6521}.Debug|Any CPU.ActiveCfg = Debug|Any CPU
		{CA55DD9C-0D15-4B42-927E-981F89FA6521}.Debug|Any CPU.Build.0 = Debug|Any CPU
		{CA55DD9C-0D15-4B42-927E-981F89FA6521}.Release|Any CPU.ActiveCfg = Release|Any CPU
		{CA55DD9C-0D15-4B42-927E-981F89FA6521}.Release|Any CPU.Build.0 = Release|Any CPU
		{5ADCE796-5859-42D4-B150-7DB4858B9DCD}.Debug|Any CPU.ActiveCfg = Debug|Any CPU
		{5ADCE796-5859-42D4-B150-7DB4858B9DCD}.Debug|Any CPU.Build.0 = Debug|Any CPU
		{5ADCE796-5859-42D4-B150-7DB4858B9DCD}.Release|Any CPU.ActiveCfg = Release|Any CPU
		{5ADCE796-5859-42D4-B150-7DB4858B9DCD}.Release|Any CPU.Build.0 = Release|Any CPU
		{EA948059-D6BB-48A4-9B0B-AC6F46BAFE17}.Debug|Any CPU.ActiveCfg = Debug|Any CPU
		{EA948059-D6BB-48A4-9B0B-AC6F46BAFE17}.Debug|Any CPU.Build.0 = Debug|Any CPU
		{EA948059-D6BB-48A4-9B0B-AC6F46BAFE17}.Release|Any CPU.ActiveCfg = Release|Any CPU
		{EA948059-D6BB-48A4-9B0B-AC6F46BAFE17}.Release|Any CPU.Build.0 = Release|Any CPU
		{6222B38D-7EAD-4101-AEBD-CDFCD6182049}.Debug|Any CPU.ActiveCfg = Debug|Any CPU
		{6222B38D-7EAD-4101-AEBD-CDFCD6182049}.Debug|Any CPU.Build.0 = Debug|Any CPU
		{6222B38D-7EAD-4101-AEBD-CDFCD6182049}.Release|Any CPU.ActiveCfg = Release|Any CPU
		{6222B38D-7EAD-4101-AEBD-CDFCD6182049}.Release|Any CPU.Build.0 = Release|Any CPU
	EndGlobalSection
	GlobalSection(SolutionProperties) = preSolution
		HideSolutionNode = FALSE
	EndGlobalSection
	GlobalSection(ExtensibilityGlobals) = postSolution
		SolutionGuid = {D74DA037-8B51-4595-8FC5-539AC2E257F9}
	EndGlobalSection
EndGlobal
